{
  "name": "Scanner-MAUI",
  "lockfileVersion": 3,
  "requires": true,
  "packages": {
    "": {
      "dependencies": {
        "@arcgis/core": "^4.27.6",
        "esri-loader": "^3.7.0",
        "heatmap.js": "^2.0.5"
      }
    },
    "node_modules/@arcgis/core": {
      "version": "4.27.6",
      "resolved": "https://registry.npmjs.org/@arcgis/core/-/core-4.27.6.tgz",
      "integrity": "sha512-Pdz8Y1hHpQm2LKkJUGNrag2o2pQ9Pe8KHjywWb+TOJcfqM8L2UQBLmtUGY26VmfMwT/FfnUfNJ7HhYzHi5ef0w==",
      "dependencies": {
        "@esri/arcgis-html-sanitizer": "~3.0.1",
        "@esri/calcite-colors": "~6.1.0",
        "@esri/calcite-components": "^1.4.2",
        "@popperjs/core": "~2.11.7",
        "focus-trap": "~7.4.3",
        "luxon": "~3.3.0",
        "sortablejs": "~1.15.0"
      }
    },
    "node_modules/@esri/arcgis-html-sanitizer": {
      "version": "3.0.1",
      "resolved": "https://registry.npmjs.org/@esri/arcgis-html-sanitizer/-/arcgis-html-sanitizer-3.0.1.tgz",
      "integrity": "sha512-cwZJwsYCJZwtBQU2AmaiIVFg5nZcVwInPYja1/OgC9iKYO+ytZRoc5h+0S9/ygbFNoS8Nd0RX9A85stLX/BgiA==",
      "dependencies": {
        "xss": "1.0.13"
      }
    },
    "node_modules/@esri/calcite-colors": {
      "version": "6.1.0",
      "resolved": "https://registry.npmjs.org/@esri/calcite-colors/-/calcite-colors-6.1.0.tgz",
      "integrity": "sha512-wHQYWFtDa6c328EraXEVZvgOiaQyYr0yuaaZ0G3cB4C3lSkWefW34L/e5TLAhtuG3zJ/wR6pl5X1YYNfBc0/4Q=="
    },
    "node_modules/@esri/calcite-components": {
      "version": "1.5.0",
      "resolved": "https://registry.npmjs.org/@esri/calcite-components/-/calcite-components-1.5.0.tgz",
      "integrity": "sha512-0HJhHI9p/6IPewIVKimg31o6/pbPJid3Q23m87dbDIjBDS3HxxNQD+EbfZndYHe/HC3KbJ9WSaEd0JA56Ux9Lw==",
      "dependencies": {
        "@floating-ui/dom": "1.5.1",
        "@stencil/core": "2.22.3",
        "@types/color": "3.0.3",
        "color": "4.2.3",
        "composed-offset-position": "0.0.4",
        "dayjs": "1.11.9",
        "focus-trap": "7.5.2",
        "form-request-submit-polyfill": "2.0.0",
        "lodash-es": "4.17.21",
        "sortablejs": "1.15.0"
      }
    },
    "node_modules/@esri/calcite-components/node_modules/focus-trap": {
      "version": "7.5.2",
      "resolved": "https://registry.npmjs.org/focus-trap/-/focus-trap-7.5.2.tgz",
      "integrity": "sha512-p6vGNNWLDGwJCiEjkSK6oERj/hEyI9ITsSwIUICBoKLlWiTWXJRfQibCwcoi50rTZdbi87qDtUlMCmQwsGSgPw==",
      "dependencies": {
        "tabbable": "^6.2.0"
      }
    },
    "node_modules/@floating-ui/core": {
      "version": "1.4.1",
      "resolved": "https://registry.npmjs.org/@floating-ui/core/-/core-1.4.1.tgz",
      "integrity": "sha512-jk3WqquEJRlcyu7997NtR5PibI+y5bi+LS3hPmguVClypenMsCY3CBa3LAQnozRCtCrYWSEtAdiskpamuJRFOQ==",
      "dependencies": {
        "@floating-ui/utils": "^0.1.1"
      }
    },
    "node_modules/@floating-ui/dom": {
      "version": "1.5.1",
      "resolved": "https://registry.npmjs.org/@floating-ui/dom/-/dom-1.5.1.tgz",
      "integrity": "sha512-KwvVcPSXg6mQygvA1TjbN/gh///36kKtllIF8SUm0qpFj8+rvYrpvlYdL1JoA71SHpDqgSSdGOSoQ0Mp3uY5aw==",
      "dependencies": {
        "@floating-ui/core": "^1.4.1",
        "@floating-ui/utils": "^0.1.1"
      }
    },
    "node_modules/@floating-ui/utils": {
      "version": "0.1.1",
      "resolved": "https://registry.npmjs.org/@floating-ui/utils/-/utils-0.1.1.tgz",
      "integrity": "sha512-m0G6wlnhm/AX0H12IOWtK8gASEMffnX08RtKkCgTdHb9JpHKGloI7icFfLg9ZmQeavcvR0PKmzxClyuFPSjKWw=="
    },
    "node_modules/@popperjs/core": {
      "version": "2.11.8",
      "resolved": "https://registry.npmjs.org/@popperjs/core/-/core-2.11.8.tgz",
      "integrity": "sha512-P1st0aksCrn9sGZhp8GMYwBnQsbvAWsZAX44oXNNvLHGqAOcoVxmjZiohstwQ7SqKnbR47akdNi+uleWD8+g6A==",
      "funding": {
        "type": "opencollective",
        "url": "https://opencollective.com/popperjs"
      }
    },
    "node_modules/@stencil/core": {
      "version": "2.22.3",
      "resolved": "https://registry.npmjs.org/@stencil/core/-/core-2.22.3.tgz",
      "integrity": "sha512-kmVA0M/HojwsfkeHsifvHVIYe4l5tin7J5+DLgtl8h6WWfiMClND5K3ifCXXI2ETDNKiEk21p6jql3Fx9o2rng==",
      "bin": {
        "stencil": "bin/stencil"
      },
      "engines": {
        "node": ">=12.10.0",
        "npm": ">=6.0.0"
      }
    },
    "node_modules/@types/color": {
      "version": "3.0.3",
      "resolved": "https://registry.npmjs.org/@types/color/-/color-3.0.3.tgz",
      "integrity": "sha512-X//qzJ3d3Zj82J9sC/C18ZY5f43utPbAJ6PhYt/M7uG6etcF6MRpKdN880KBy43B0BMzSfeT96MzrsNjFI3GbA==",
      "dependencies": {
        "@types/color-convert": "*"
      }
    },
    "node_modules/@types/color-convert": {
      "version": "2.0.0",
      "resolved": "https://registry.npmjs.org/@types/color-convert/-/color-convert-2.0.0.tgz",
      "integrity": "sha512-m7GG7IKKGuJUXvkZ1qqG3ChccdIM/qBBo913z+Xft0nKCX4hAU/IxKwZBU4cpRZ7GS5kV4vOblUkILtSShCPXQ==",
      "dependencies": {
        "@types/color-name": "*"
      }
    },
    "node_modules/@types/color-name": {
      "version": "1.1.1",
      "resolved": "https://registry.npmjs.org/@types/color-name/-/color-name-1.1.1.tgz",
      "integrity": "sha512-rr+OQyAjxze7GgWrSaJwydHStIhHq2lvY3BOC2Mj7KnzI7XK0Uw1TOOdI9lDoajEbSWLiYgoo4f1R51erQfhPQ=="
    },
    "node_modules/color": {
      "version": "4.2.3",
      "resolved": "https://registry.npmjs.org/color/-/color-4.2.3.tgz",
      "integrity": "sha512-1rXeuUUiGGrykh+CeBdu5Ie7OJwinCgQY0bc7GCRxy5xVHy+moaqkpL/jqQq0MtQOeYcrqEz4abc5f0KtU7W4A==",
      "dependencies": {
        "color-convert": "^2.0.1",
        "color-string": "^1.9.0"
      },
      "engines": {
        "node": ">=12.5.0"
      }
    },
    "node_modules/color-convert": {
      "version": "2.0.1",
      "resolved": "https://registry.npmjs.org/color-convert/-/color-convert-2.0.1.tgz",
      "integrity": "sha512-RRECPsj7iu/xb5oKYcsFHSppFNnsj/52OVTRKb4zP5onXwVF3zVmmToNcOfGC+CRDpfK/U584fMg38ZHCaElKQ==",
      "dependencies": {
        "color-name": "~1.1.4"
      },
      "engines": {
        "node": ">=7.0.0"
      }
    },
    "node_modules/color-name": {
      "version": "1.1.4",
      "resolved": "https://registry.npmjs.org/color-name/-/color-name-1.1.4.tgz",
      "integrity": "sha512-dOy+3AuW3a2wNbZHIuMZpTcgjGuLU/uBL/ubcZF9OXbDo8ff4O8yVp5Bf0efS8uEoYo5q4Fx7dY9OgQGXgAsQA=="
    },
    "node_modules/color-string": {
      "version": "1.9.1",
      "resolved": "https://registry.npmjs.org/color-string/-/color-string-1.9.1.tgz",
      "integrity": "sha512-shrVawQFojnZv6xM40anx4CkoDP+fZsw/ZerEMsW/pyzsRbElpsL/DBVW7q3ExxwusdNXI3lXpuhEZkzs8p5Eg==",
      "dependencies": {
        "color-name": "^1.0.0",
        "simple-swizzle": "^0.2.2"
      }
    },
    "node_modules/commander": {
      "version": "2.20.3",
      "resolved": "https://registry.npmjs.org/commander/-/commander-2.20.3.tgz",
      "integrity": "sha512-GpVkmM8vF2vQUkj2LvZmD35JxeJOLCwJ9cUkugyk2nuhbv3+mJvpLYYt+0+USMxE+oj+ey/lJEnhZw75x/OMcQ=="
    },
    "node_modules/composed-offset-position": {
      "version": "0.0.4",
      "resolved": "https://registry.npmjs.org/composed-offset-position/-/composed-offset-position-0.0.4.tgz",
      "integrity": "sha512-vMlvu1RuNegVE0YsCDSV/X4X10j56mq7PCIyOKK74FxkXzGLwhOUmdkJLSdOBOMwWycobGUMgft2lp+YgTe8hw=="
    },
    "node_modules/cssfilter": {
      "version": "0.0.10",
      "resolved": "https://registry.npmjs.org/cssfilter/-/cssfilter-0.0.10.tgz",
      "integrity": "sha512-FAaLDaplstoRsDR8XGYH51znUN0UY7nMc6Z9/fvE8EXGwvJE9hu7W2vHwx1+bd6gCYnln9nLbzxFTrcO9YQDZw=="
    },
    "node_modules/dayjs": {
      "version": "1.11.9",
      "resolved": "https://registry.npmjs.org/dayjs/-/dayjs-1.11.9.tgz",
      "integrity": "sha512-QvzAURSbQ0pKdIye2txOzNaHmxtUBXerpY0FJsFXUMKbIZeFm5ht1LS/jFsrncjnmtv8HsG0W2g6c0zUjZWmpA=="
    },
    "node_modules/esri-loader": {
      "version": "3.7.0",
      "resolved": "https://registry.npmjs.org/esri-loader/-/esri-loader-3.7.0.tgz",
      "integrity": "sha512-cB1Sw9EQjtW4mtT7eFBjn/6VaaIWNTjmTd2asnnEyuZk1xVSFRMCfLZSBSjZM7ZarDcVu5WIjOP0t0MYVu4hVQ=="
    },
    "node_modules/focus-trap": {
      "version": "7.4.3",
      "resolved": "https://registry.npmjs.org/focus-trap/-/focus-trap-7.4.3.tgz",
      "integrity": "sha512-BgSSbK4GPnS2VbtZ50VtOv1Sti6DIkj3+LkVjiWMNjLeAp1SH1UlLx3ULu/DCu4vq5R4/uvTm+zrvsMsuYmGLg==",
      "dependencies": {
        "tabbable": "^6.1.2"
      }
    },
    "node_modules/form-request-submit-polyfill": {
      "version": "2.0.0",
      "resolved": "https://registry.npmjs.org/form-request-submit-polyfill/-/form-request-submit-polyfill-2.0.0.tgz",
      "integrity": "sha512-p0+M92y2gFnP0AuuL8VJ0GYVzAT0bYp3GsSkmPFhvUopdnfDLP/9xplQTBBc4w8qOjKRzdK7GaFcdL9IhlXdTQ=="
    },
    "node_modules/heatmap.js": {
      "version": "2.0.5",
      "resolved": "https://registry.npmjs.org/heatmap.js/-/heatmap.js-2.0.5.tgz",
      "integrity": "sha512-CG2gYFP5Cv9IQCXEg3ZRxnJDyAilhWnQlAuHYGuWVzv6mFtQelS1bR9iN80IyDmFECbFPbg6I0LR5uAFHgCthw=="
    },
    "node_modules/is-arrayish": {
      "version": "0.3.2",
      "resolved": "https://registry.npmjs.org/is-arrayish/-/is-arrayish-0.3.2.tgz",
      "integrity": "sha512-eVRqCvVlZbuw3GrM63ovNSNAeA1K16kaR/LRY/92w0zxQ5/1YzwblUX652i4Xs9RwAGjW9d9y6X88t8OaAJfWQ=="
    },
    "node_modules/lodash-es": {
      "version": "4.17.21",
      "resolved": "https://registry.npmjs.org/lodash-es/-/lodash-es-4.17.21.tgz",
      "integrity": "sha512-mKnC+QJ9pWVzv+C4/U3rRsHapFfHvQFoFB92e52xeyGMcX6/OlIl78je1u8vePzYZSkkogMPJ2yjxxsb89cxyw=="
    },
    "node_modules/luxon": {
      "version": "3.3.0",
      "resolved": "https://registry.npmjs.org/luxon/-/luxon-3.3.0.tgz",
      "integrity": "sha512-An0UCfG/rSiqtAIiBPO0Y9/zAnHUZxAMiCpTd5h2smgsj7GGmcenvrvww2cqNA8/4A5ZrD1gJpHN2mIHZQF+Mg==",
      "engines": {
        "node": ">=12"
      }
    },
    "node_modules/simple-swizzle": {
      "version": "0.2.2",
      "resolved": "https://registry.npmjs.org/simple-swizzle/-/simple-swizzle-0.2.2.tgz",
      "integrity": "sha512-JA//kQgZtbuY83m+xT+tXJkmJncGMTFT+C+g2h2R9uxkYIrE2yy9sgmcLhCnw57/WSD+Eh3J97FPEDFnbXnDUg==",
      "dependencies": {
        "is-arrayish": "^0.3.1"
      }
    },
    "node_modules/sortablejs": {
      "version": "1.15.0",
      "resolved": "https://registry.npmjs.org/sortablejs/-/sortablejs-1.15.0.tgz",
      "integrity": "sha512-bv9qgVMjUMf89wAvM6AxVvS/4MX3sPeN0+agqShejLU5z5GX4C75ow1O2e5k4L6XItUyAK3gH6AxSbXrOM5e8w=="
    },
    "node_modules/tabbable": {
      "version": "6.2.0",
      "resolved": "https://registry.npmjs.org/tabbable/-/tabbable-6.2.0.tgz",
      "integrity": "sha512-Cat63mxsVJlzYvN51JmVXIgNoUokrIaT2zLclCXjRd8boZ0004U4KCs/sToJ75C6sdlByWxpYnb5Boif1VSFew=="
    },
    "node_modules/xss": {
      "version": "1.0.13",
      "resolved": "https://registry.npmjs.org/xss/-/xss-1.0.13.tgz",
      "integrity": "sha512-clu7dxTm1e8Mo5fz3n/oW3UCXBfV89xZ72jM8yzo1vR/pIS0w3sgB3XV2H8Vm6zfGnHL0FzvLJPJEBhd86/z4Q==",
      "dependencies": {
        "commander": "^2.20.3",
        "cssfilter": "0.0.10"
      },
      "bin": {
        "xss": "bin/xss"
      },
      "engines": {
        "node": ">= 0.10.0"
      }
    }
  }
}
